set_global_assignment -name TOP_LEVEL_ENTITY sys_top
# OutRunners INSTRUMENTED revision.  Same hardware profile as s32OutRunners but
# with the telemetry overlay compiled in, for diagnosing the gameplay flicker on
# real hardware.  Simulation clears the whole video path -- over 560 frames of
# real ROM the sprite renderer overran 0 frames, the tilemap line renderer 0
# lines and the sprite framebuffer 0 times -- so the remaining suspects are
# things the Verilator harness idealises, above all DDR3 contention with the
# HDMI scaler.  Debug Video mode 9 reports the framebuffer underrun counter and
# answers that directly.  This revision is a measurement tool, not a release.
source Arcade-SegaSystem32.qsf
set_global_assignment -name VERILOG_MACRO "S32_OUTRUNNERS_ONLY=1"

# The FULL overlay does not route: with it compiled in, every fitter seed
# crashed without a summary at only 34,299 ALMs (82%), so this is routing
# congestion from fanning 128-bit descriptor buses across the device, not
# capacity.  The question we actually need answered -- is DDR3 line service
# missing its deadline on hardware? -- needs one 24-bit counter, so keep
# RELEASE_MINIMAL and compile in that alone.
set_global_assignment -name VERILOG_MACRO "S32_RELEASE_MINIMAL=1"
set_global_assignment -name VERILOG_MACRO "S32_DEBUG_FB_UNDERRUN=1"

set_global_assignment -name VERILOG_MACRO "S32_JT12_MLAB_SHIFTS=1"
set_global_assignment -name VERILOG_MACRO "S32_V60_NO_FP=1"
set_global_assignment -name VERILOG_MACRO "S32_JT12_LOGIC_ROMS=1"

# Match the release revision's memory choices so this measures the same machine
# that shows the fault: line buffers in MLAB, MLAB V60 ROM cache retained.
set_global_assignment -name VERILOG_MACRO "S32_LINEBUF_MLAB=1"
# S32_NO_MLAB_ROM_CACHE intentionally unset -- the deployed core has the MLAB
# cache, and a diagnostic build with different fetch timing would be measuring
# a different machine.

set_global_assignment -name OPTIMIZATION_MODE "BALANCED"
set_global_assignment -name OPTIMIZATION_TECHNIQUE BALANCED
set_global_assignment -name PHYSICAL_SYNTHESIS_COMBO_LOGIC_FOR_AREA OFF

set_global_assignment -name LAST_QUARTUS_VERSION "17.0.2 Lite Edition"
set_global_assignment -name SMART_RECOMPILE ON
set_global_assignment -name SAVE_DISK_SPACE OFF
