set_global_assignment -name FAMILY "Cyclone V"
set_global_assignment -name DEVICE 5CSEBA6U23I7
set_global_assignment -name TOP_LEVEL_ENTITY v60_probe
set_global_assignment -name SYSTEMVERILOG_FILE ../../../rtl/cpu/v60/s32_v60.sv
set_global_assignment -name SYSTEMVERILOG_FILE ../top.sv
set_global_assignment -name OPTIMIZATION_MODE "HIGH PERFORMANCE EFFORT"
set_global_assignment -name ALLOW_POWER_UP_DONT_CARE ON
set_global_assignment -name OPTIMIZATION_TECHNIQUE SPEED
set_global_assignment -name MUX_RESTRUCTURE ON
set_global_assignment -name REMOVE_REDUNDANT_LOGIC_CELLS ON
set_global_assignment -name ADV_NETLIST_OPT_SYNTH_WYSIWYG_REMAP ON
set_global_assignment -name SYNTH_GATED_CLOCK_CONVERSION ON
set_global_assignment -name PRE_MAPPING_RESYNTHESIS ON
set_global_assignment -name NUM_PARALLEL_PROCESSORS 4
set_global_assignment -name SMART_RECOMPILE ON
set_global_assignment -name SAVE_DISK_SPACE OFF
